// !$*UTF8*$!
{
	archiveVersion = 1;
	classes = {
	};
	objectVersion = 56;
	objects = {

/* Begin PBXBuildFile section */
		808603B8296A57460012B0FB /* BLEDevicesScannerApp.swift in Sources */ = {isa = PBXBuildFile; fileRef = 808603B7296A57460012B0FB /* BLEDevicesScannerApp.swift */; };
		808603BC296A57470012B0FB /* Assets.xcassets in Resources */ = {isa = PBXBuildFile; fileRef = 808603BB296A57470012B0FB /* Assets.xcassets */; };
		808603BF296A57470012B0FB /* Preview Assets.xcassets in Resources */ = {isa = PBXBuildFile; fileRef = 808603BE296A57470012B0FB /* Preview Assets.xcassets */; };
		808603C9296A57470012B0FB /* BLEDevicesScannerTests.swift in Sources */ = {isa = PBXBuildFile; fileRef = 808603C8296A57470012B0FB /* BLEDevicesScannerTests.swift */; };
		808603D3296A57470012B0FB /* BLEDevicesScannerUITests.swift in Sources */ = {isa = PBXBuildFile; fileRef = 808603D2296A57470012B0FB /* BLEDevicesScannerUITests.swift */; };
		808603D5296A57470012B0FB /* BLEDevicesScannerUITestsLaunchTests.swift in Sources */ = {isa = PBXBuildFile; fileRef = 808603D4296A57470012B0FB /* BLEDevicesScannerUITestsLaunchTests.swift */; };
		808603E4296A576A0012B0FB /* MainView.swift in Sources */ = {isa = PBXBuildFile; fileRef = 808603E3296A576A0012B0FB /* MainView.swift */; };
		808603E6296A57750012B0FB /* DevicesListView.swift in Sources */ = {isa = PBXBuildFile; fileRef = 808603E5296A57750012B0FB /* DevicesListView.swift */; };
		808603E8296A57A40012B0FB /* DevicesManager.swift in Sources */ = {isa = PBXBuildFile; fileRef = 808603E7296A57A40012B0FB /* DevicesManager.swift */; };
		808603EB296B41D00012B0FB /* DeviceCell.swift in Sources */ = {isa = PBXBuildFile; fileRef = 808603EA296B41D00012B0FB /* DeviceCell.swift */; };
		808603ED296B60C40012B0FB /* ServicesListView.swift in Sources */ = {isa = PBXBuildFile; fileRef = 808603EC296B60C40012B0FB /* ServicesListView.swift */; };
		808603EF296B67FF0012B0FB /* CharsListView.swift in Sources */ = {isa = PBXBuildFile; fileRef = 808603EE296B67FF0012B0FB /* CharsListView.swift */; };
/* End PBXBuildFile section */

/* Begin PBXContainerItemProxy section */
		808603C5296A57470012B0FB /* PBXContainerItemProxy */ = {
			isa = PBXContainerItemProxy;
			containerPortal = 808603AC296A57460012B0FB /* Project object */;
			proxyType = 1;
			remoteGlobalIDString = 808603B3296A57460012B0FB;
			remoteInfo = BLEDevicesScanner;
		};
		808603CF296A57470012B0FB /* PBXContainerItemProxy */ = {
			isa = PBXContainerItemProxy;
			containerPortal = 808603AC296A57460012B0FB /* Project object */;
			proxyType = 1;
			remoteGlobalIDString = 808603B3296A57460012B0FB;
			remoteInfo = BLEDevicesScanner;
		};
/* End PBXContainerItemProxy section */

/* Begin PBXFileReference section */
		808603B4296A57460012B0FB /* BLEDevicesScanner.app */ = {isa = PBXFileReference; explicitFileType = wrapper.application; includeInIndex = 0; path = BLEDevicesScanner.app; sourceTree = BUILT_PRODUCTS_DIR; };
		808603B7296A57460012B0FB /* BLEDevicesScannerApp.swift */ = {isa = PBXFileReference; lastKnownFileType = sourcecode.swift; path = BLEDevicesScannerApp.swift; sourceTree = "<group>"; };
		808603BB296A57470012B0FB /* Assets.xcassets */ = {isa = PBXFileReference; lastKnownFileType = folder.assetcatalog; path = Assets.xcassets; sourceTree = "<group>"; };
		808603BE296A57470012B0FB /* Preview Assets.xcassets */ = {isa = PBXFileReference; lastKnownFileType = folder.assetcatalog; path = "Preview Assets.xcassets"; sourceTree = "<group>"; };
		808603C4296A57470012B0FB /* BLEDevicesScannerTests.xctest */ = {isa = PBXFileReference; explicitFileType = wrapper.cfbundle; includeInIndex = 0; path = BLEDevicesScannerTests.xctest; sourceTree = BUILT_PRODUCTS_DIR; };
		808603C8296A57470012B0FB /* BLEDevicesScannerTests.swift */ = {isa = PBXFileReference; lastKnownFileType = sourcecode.swift; path = BLEDevicesScannerTests.swift; sourceTree = "<group>"; };
		808603CE296A57470012B0FB /* BLEDevicesScannerUITests.xctest */ = {isa = PBXFileReference; explicitFileType = wrapper.cfbundle; includeInIndex = 0; path = BLEDevicesScannerUITests.xctest; sourceTree = BUILT_PRODUCTS_DIR; };
		808603D2296A57470012B0FB /* BLEDevicesScannerUITests.swift */ = {isa = PBXFileReference; lastKnownFileType = sourcecode.swift; path = BLEDevicesScannerUITests.swift; sourceTree = "<group>"; };
		808603D4296A57470012B0FB /* BLEDevicesScannerUITestsLaunchTests.swift */ = {isa = PBXFileReference; lastKnownFileType = sourcecode.swift; path = BLEDevicesScannerUITestsLaunchTests.swift; sourceTree = "<group>"; };
		808603E3296A576A0012B0FB /* MainView.swift */ = {isa = PBXFileReference; lastKnownFileType = sourcecode.swift; path = MainView.swift; sourceTree = "<group>"; };
		808603E5296A57750012B0FB /* DevicesListView.swift */ = {isa = PBXFileReference; lastKnownFileType = sourcecode.swift; path = DevicesListView.swift; sourceTree = "<group>"; };
		808603E7296A57A40012B0FB /* DevicesManager.swift */ = {isa = PBXFileReference; lastKnownFileType = sourcecode.swift; path = DevicesManager.swift; sourceTree = "<group>"; };
		808603E9296A58270012B0FB /* Info.plist */ = {isa = PBXFileReference; lastKnownFileType = text.plist; path = Info.plist; sourceTree = "<group>"; };
		808603EA296B41D00012B0FB /* DeviceCell.swift */ = {isa = PBXFileReference; lastKnownFileType = sourcecode.swift; path = DeviceCell.swift; sourceTree = "<group>"; };
		808603EC296B60C40012B0FB /* ServicesListView.swift */ = {isa = PBXFileReference; lastKnownFileType = sourcecode.swift; path = ServicesListView.swift; sourceTree = "<group>"; };
		808603EE296B67FF0012B0FB /* CharsListView.swift */ = {isa = PBXFileReference; lastKnownFileType = sourcecode.swift; path = CharsListView.swift; sourceTree = "<group>"; };
/* End PBXFileReference section */

/* Begin PBXFrameworksBuildPhase section */
		808603B1296A57460012B0FB /* Frameworks */ = {
			isa = PBXFrameworksBuildPhase;
			buildActionMask = 2147483647;
			files = (
			);
			runOnlyForDeploymentPostprocessing = 0;
		};
		808603C1296A57470012B0FB /* Frameworks */ = {
			isa = PBXFrameworksBuildPhase;
			buildActionMask = 2147483647;
			files = (
			);
			runOnlyForDeploymentPostprocessing = 0;
		};
		808603CB296A57470012B0FB /* Frameworks */ = {
			isa = PBXFrameworksBuildPhase;
			buildActionMask = 2147483647;
			files = (
			);
			runOnlyForDeploymentPostprocessing = 0;
		};
/* End PBXFrameworksBuildPhase section */

/* Begin PBXGroup section */
		808603AB296A57460012B0FB = {
			isa = PBXGroup;
			children = (
				808603B6296A57460012B0FB /* BLEDevicesScanner */,
				808603C7296A57470012B0FB /* BLEDevicesScannerTests */,
				808603D1296A57470012B0FB /* BLEDevicesScannerUITests */,
				808603B5296A57460012B0FB /* Products */,
			);
			sourceTree = "<group>";
		};
		808603B5296A57460012B0FB /* Products */ = {
			isa = PBXGroup;
			children = (
				808603B4296A57460012B0FB /* BLEDevicesScanner.app */,
				808603C4296A57470012B0FB /* BLEDevicesScannerTests.xctest */,
				808603CE296A57470012B0FB /* BLEDevicesScannerUITests.xctest */,
			);
			name = Products;
			sourceTree = "<group>";
		};
		808603B6296A57460012B0FB /* BLEDevicesScanner */ = {
			isa = PBXGroup;
			children = (
				808603E9296A58270012B0FB /* Info.plist */,
				808603E2296A575B0012B0FB /* Core */,
				808603E1296A57530012B0FB /* Views */,
				808603B7296A57460012B0FB /* BLEDevicesScannerApp.swift */,
				808603BB296A57470012B0FB /* Assets.xcassets */,
				808603BD296A57470012B0FB /* Preview Content */,
			);
			path = BLEDevicesScanner;
			sourceTree = "<group>";
		};
		808603BD296A57470012B0FB /* Preview Content */ = {
			isa = PBXGroup;
			children = (
				808603BE296A57470012B0FB /* Preview Assets.xcassets */,
			);
			path = "Preview Content";
			sourceTree = "<group>";
		};
		808603C7296A57470012B0FB /* BLEDevicesScannerTests */ = {
			isa = PBXGroup;
			children = (
				808603C8296A57470012B0FB /* BLEDevicesScannerTests.swift */,
			);
			path = BLEDevicesScannerTests;
			sourceTree = "<group>";
		};
		808603D1296A57470012B0FB /* BLEDevicesScannerUITests */ = {
			isa = PBXGroup;
			children = (
				808603D2296A57470012B0FB /* BLEDevicesScannerUITests.swift */,
				808603D4296A57470012B0FB /* BLEDevicesScannerUITestsLaunchTests.swift */,
			);
			path = BLEDevicesScannerUITests;
			sourceTree = "<group>";
		};
		808603E1296A57530012B0FB /* Views */ = {
			isa = PBXGroup;
			children = (
				808603E3296A576A0012B0FB /* MainView.swift */,
				808603E5296A57750012B0FB /* DevicesListView.swift */,
				808603EA296B41D00012B0FB /* DeviceCell.swift */,
				808603EC296B60C40012B0FB /* ServicesListView.swift */,
				808603EE296B67FF0012B0FB /* CharsListView.swift */,
			);
			path = Views;
			sourceTree = "<group>";
		};
		808603E2296A575B0012B0FB /* Core */ = {
			isa = PBXGroup;
			children = (
				808603E7296A57A40012B0FB /* DevicesManager.swift */,
			);
			path = Core;
			sourceTree = "<group>";
		};
/* End PBXGroup section */

/* Begin PBXNativeTarget section */
		808603B3296A57460012B0FB /* BLEDevicesScanner */ = {
			isa = PBXNativeTarget;
			buildConfigurationList = 808603D8296A57470012B0FB /* Build configuration list for PBXNativeTarget "BLEDevicesScanner" */;
			buildPhases = (
				808603B0296A57460012B0FB /* Sources */,
				808603B1296A57460012B0FB /* Frameworks */,
				808603B2296A57460012B0FB /* Resources */,
			);
			buildRules = (
			);
			dependencies = (
			);
			name = BLEDevicesScanner;
			productName = BLEDevicesScanner;
			productReference = 808603B4296A57460012B0FB /* BLEDevicesScanner.app */;
			productType = "com.apple.product-type.application";
		};
		808603C3296A57470012B0FB /* BLEDevicesScannerTests */ = {
			isa = PBXNativeTarget;
			buildConfigurationList = 808603DB296A57470012B0FB /* Build configuration list for PBXNativeTarget "BLEDevicesScannerTests" */;
			buildPhases = (
				808603C0296A57470012B0FB /* Sources */,
				808603C1296A57470012B0FB /* Frameworks */,
				808603C2296A57470012B0FB /* Resources */,
			);
			buildRules = (
			);
			dependencies = (
				808603C6296A57470012B0FB /* PBXTargetDependency */,
			);
			name = BLEDevicesScannerTests;
			productName = BLEDevicesScannerTests;
			productReference = 808603C4296A57470012B0FB /* BLEDevicesScannerTests.xctest */;
			productType = "com.apple.product-type.bundle.unit-test";
		};
		808603CD296A57470012B0FB /* BLEDevicesScannerUITests */ = {
			isa = PBXNativeTarget;
			buildConfigurationList = 808603DE296A57470012B0FB /* Build configuration list for PBXNativeTarget "BLEDevicesScannerUITests" */;
			buildPhases = (
				808603CA296A57470012B0FB /* Sources */,
				808603CB296A57470012B0FB /* Frameworks */,
				808603CC296A57470012B0FB /* Resources */,
			);
			buildRules = (
			);
			dependencies = (
				808603D0296A57470012B0FB /* PBXTargetDependency */,
			);
			name = BLEDevicesScannerUITests;
			productName = BLEDevicesScannerUITests;
			productReference = 808603CE296A57470012B0FB /* BLEDevicesScannerUITests.xctest */;
			productType = "com.apple.product-type.bundle.ui-testing";
		};
/* End PBXNativeTarget section */

/* Begin PBXProject section */
		808603AC296A57460012B0FB /* Project object */ = {
			isa = PBXProject;
			attributes = {
				BuildIndependentTargetsInParallel = 1;
				LastSwiftUpdateCheck = 1420;
				LastUpgradeCheck = 1420;
				TargetAttributes = {
					808603B3296A57460012B0FB = {
						CreatedOnToolsVersion = 14.2;
					};
					808603C3296A57470012B0FB = {
						CreatedOnToolsVersion = 14.2;
						TestTargetID = 808603B3296A57460012B0FB;
					};
					808603CD296A57470012B0FB = {
						CreatedOnToolsVersion = 14.2;
						TestTargetID = 808603B3296A57460012B0FB;
					};
				};
			};
			buildConfigurationList = 808603AF296A57460012B0FB /* Build configuration list for PBXProject "BLEDevicesScanner" */;
			compatibilityVersion = "Xcode 14.0";
			developmentRegion = en;
			hasScannedForEncodings = 0;
			knownRegions = (
				en,
				Base,
			);
			mainGroup = 808603AB296A57460012B0FB;
			productRefGroup = 808603B5296A57460012B0FB /* Products */;
			projectDirPath = "";
			projectRoot = "";
			targets = (
				808603B3296A57460012B0FB /* BLEDevicesScanner */,
				808603C3296A57470012B0FB /* BLEDevicesScannerTests */,
				808603CD296A57470012B0FB /* BLEDevicesScannerUITests */,
			);
		};
/* End PBXProject section */

/* Begin PBXResourcesBuildPhase section */
		808603B2296A57460012B0FB /* Resources */ = {
			isa = PBXResourcesBuildPhase;
			buildActionMask = 2147483647;
			files = (
				808603BF296A57470012B0FB /* Preview Assets.xcassets in Resources */,
				808603BC296A57470012B0FB /* Assets.xcassets in Resources */,
			);
			runOnlyForDeploymentPostprocessing = 0;
		};
		808603C2296A57470012B0FB /* Resources */ = {
			isa = PBXResourcesBuildPhase;
			buildActionMask = 2147483647;
			files = (
			);
			runOnlyForDeploymentPostprocessing = 0;
		};
		808603CC296A57470012B0FB /* Resources */ = {
			isa = PBXResourcesBuildPhase;
			buildActionMask = 2147483647;
			files = (
			);
			runOnlyForDeploymentPostprocessing = 0;
		};
/* End PBXResourcesBuildPhase section */

/* Begin PBXSourcesBuildPhase section */
		808603B0296A57460012B0FB /* Sources */ = {
			isa = PBXSourcesBuildPhase;
			buildActionMask = 2147483647;
			files = (
				808603E6296A57750012B0FB /* DevicesListView.swift in Sources */,
				808603E8296A57A40012B0FB /* DevicesManager.swift in Sources */,
				808603E4296A576A0012B0FB /* MainView.swift in Sources */,
				808603EB296B41D00012B0FB /* DeviceCell.swift in Sources */,
				808603ED296B60C40012B0FB /* ServicesListView.swift in Sources */,
				808603EF296B67FF0012B0FB /* CharsListView.swift in Sources */,
				808603B8296A57460012B0FB /* BLEDevicesScannerApp.swift in Sources */,
			);
			runOnlyForDeploymentPostprocessing = 0;
		};
		808603C0296A57470012B0FB /* Sources */ = {
			isa = PBXSourcesBuildPhase;
			buildActionMask = 2147483647;
			files = (
				808603C9296A57470012B0FB /* BLEDevicesScannerTests.swift in Sources */,
			);
			runOnlyForDeploymentPostprocessing = 0;
		};
		808603CA296A57470012B0FB /* Sources */ = {
			isa = PBXSourcesBuildPhase;
			buildActionMask = 2147483647;
			files = (
				808603D3296A57470012B0FB /* BLEDevicesScannerUITests.swift in Sources */,
				808603D5296A57470012B0FB /* BLEDevicesScannerUITestsLaunchTests.swift in Sources */,
			);
			runOnlyForDeploymentPostprocessing = 0;
		};
/* End PBXSourcesBuildPhase section */

/* Begin PBXTargetDependency section */
		808603C6296A57470012B0FB /* PBXTargetDependency */ = {
			isa = PBXTargetDependency;
			target = 808603B3296A57460012B0FB /* BLEDevicesScanner */;
			targetProxy = 808603C5296A57470012B0FB /* PBXContainerItemProxy */;
		};
		808603D0296A57470012B0FB /* PBXTargetDependency */ = {
			isa = PBXTargetDependency;
			target = 808603B3296A57460012B0FB /* BLEDevicesScanner */;
			targetProxy = 808603CF296A57470012B0FB /* PBXContainerItemProxy */;
		};
/* End PBXTargetDependency section */

/* Begin XCBuildConfiguration section */
		808603D6296A57470012B0FB /* Debug */ = {
			isa = XCBuildConfiguration;
			buildSettings = {
				ALWAYS_SEARCH_USER_PATHS = NO;
				CLANG_ANALYZER_NONNULL = YES;
				CLANG_ANALYZER_NUMBER_OBJECT_CONVERSION = YES_AGGRESSIVE;
				CLANG_CXX_LANGUAGE_STANDARD = "gnu++20";
				CLANG_ENABLE_MODULES = YES;
				CLANG_ENABLE_OBJC_ARC = YES;
				CLANG_ENABLE_OBJC_WEAK = YES;
				CLANG_WARN_BLOCK_CAPTURE_AUTORELEASING = YES;
				CLANG_WARN_BOOL_CONVERSION = YES;
				CLANG_WARN_COMMA = YES;
				CLANG_WARN_CONSTANT_CONVERSION = YES;
				CLANG_WARN_DEPRECATED_OBJC_IMPLEMENTATIONS = YES;
				CLANG_WARN_DIRECT_OBJC_ISA_USAGE = YES_ERROR;
				CLANG_WARN_DOCUMENTATION_COMMENTS = YES;
				CLANG_WARN_EMPTY_BODY = YES;
				CLANG_WARN_ENUM_CONVERSION = YES;
				CLANG_WARN_INFINITE_RECURSION = YES;
				CLANG_WARN_INT_CONVERSION = YES;
				CLANG_WARN_NON_LITERAL_NULL_CONVERSION = YES;
				CLANG_WARN_OBJC_IMPLICIT_RETAIN_SELF = YES;
				CLANG_WARN_OBJC_LITERAL_CONVERSION = YES;
				CLANG_WARN_OBJC_ROOT_CLASS = YES_ERROR;
				CLANG_WARN_QUOTED_INCLUDE_IN_FRAMEWORK_HEADER = YES;
				CLANG_WARN_RANGE_LOOP_ANALYSIS = YES;
				CLANG_WARN_STRICT_PROTOTYPES = YES;
				CLANG_WARN_SUSPICIOUS_MOVE = YES;
				CLANG_WARN_UNGUARDED_AVAILABILITY = YES_AGGRESSIVE;
				CLANG_WARN_UNREACHABLE_CODE = YES;
				CLANG_WARN__DUPLICATE_METHOD_MATCH = YES;
				COPY_PHASE_STRIP = NO;
				DEBUG_INFORMATION_FORMAT = dwarf;
				ENABLE_STRICT_OBJC_MSGSEND = YES;
				ENABLE_TESTABILITY = YES;
				GCC_C_LANGUAGE_STANDARD = gnu11;
				GCC_DYNAMIC_NO_PIC = NO;
				GCC_NO_COMMON_BLOCKS = YES;
				GCC_OPTIMIZATION_LEVEL = 0;
				GCC_PREPROCESSOR_DEFINITIONS = (
					"DEBUG=1",
					"$(inherited)",
				);
				GCC_WARN_64_TO_32_BIT_CONVERSION = YES;
				GCC_WARN_ABOUT_RETURN_TYPE = YES_ERROR;
				GCC_WARN_UNDECLARED_SELECTOR = YES;
				GCC_WARN_UNINITIALIZED_AUTOS = YES_AGGRESSIVE;
				GCC_WARN_UNUSED_FUNCTION = YES;
				GCC_WARN_UNUSED_VARIABLE = YES;
				IPHONEOS_DEPLOYMENT_TARGET = 16.2;
				MTL_ENABLE_DEBUG_INFO = INCLUDE_SOURCE;
				MTL_FAST_MATH = YES;
				ONLY_ACTIVE_ARCH = YES;
				SDKROOT = iphoneos;
				SWIFT_ACTIVE_COMPILATION_CONDITIONS = DEBUG;
				SWIFT_OPTIMIZATION_LEVEL = "-Onone";
			};
			name = Debug;
		};
		808603D7296A57470012B0FB /* Release */ = {
			isa = XCBuildConfiguration;
			buildSettings = {
				ALWAYS_SEARCH_USER_PATHS = NO;
				CLANG_ANALYZER_NONNULL = YES;
				CLANG_ANALYZER_NUMBER_OBJECT_CONVERSION = YES_AGGRESSIVE;
				CLANG_CXX_LANGUAGE_STANDARD = "gnu++20";
				CLANG_ENABLE_MODULES = YES;
				CLANG_ENABLE_OBJC_ARC = YES;
				CLANG_ENABLE_OBJC_WEAK = YES;
				CLANG_WARN_BLOCK_CAPTURE_AUTORELEASING = YES;
				CLANG_WARN_BOOL_CONVERSION = YES;
				CLANG_WARN_COMMA = YES;
				CLANG_WARN_CONSTANT_CONVERSION = YES;
				CLANG_WARN_DEPRECATED_OBJC_IMPLEMENTATIONS = YES;
				CLANG_WARN_DIRECT_OBJC_ISA_USAGE = YES_ERROR;
				CLANG_WARN_DOCUMENTATION_COMMENTS = YES;
				CLANG_WARN_EMPTY_BODY = YES;
				CLANG_WARN_ENUM_CONVERSION = YES;
				CLANG_WARN_INFINITE_RECURSION = YES;
				CLANG_WARN_INT_CONVERSION = YES;
				CLANG_WARN_NON_LITERAL_NULL_CONVERSION = YES;
				CLANG_WARN_OBJC_IMPLICIT_RETAIN_SELF = YES;
				CLANG_WARN_OBJC_LITERAL_CONVERSION = YES;
				CLANG_WARN_OBJC_ROOT_CLASS = YES_ERROR;
				CLANG_WARN_QUOTED_INCLUDE_IN_FRAMEWORK_HEADER = YES;
				CLANG_WARN_RANGE_LOOP_ANALYSIS = YES;
				CLANG_WARN_STRICT_PROTOTYPES = YES;
				CLANG_WARN_SUSPICIOUS_MOVE = YES;
				CLANG_WARN_UNGUARDED_AVAILABILITY = YES_AGGRESSIVE;
				CLANG_WARN_UNREACHABLE_CODE = YES;
				CLANG_WARN__DUPLICATE_METHOD_MATCH = YES;
				COPY_PHASE_STRIP = NO;
				DEBUG_INFORMATION_FORMAT = "dwarf-with-dsym";
				ENABLE_NS_ASSERTIONS = NO;
				ENABLE_STRICT_OBJC_MSGSEND = YES;
				GCC_C_LANGUAGE_STANDARD = gnu11;
				GCC_NO_COMMON_BLOCKS = YES;
				GCC_WARN_64_TO_32_BIT_CONVERSION = YES;
				GCC_WARN_ABOUT_RETURN_TYPE = YES_ERROR;
				GCC_WARN_UNDECLARED_SELECTOR = YES;
				GCC_WARN_UNINITIALIZED_AUTOS = YES_AGGRESSIVE;
				GCC_WARN_UNUSED_FUNCTION = YES;
				GCC_WARN_UNUSED_VARIABLE = YES;
				IPHONEOS_DEPLOYMENT_TARGET = 16.2;
				MTL_ENABLE_DEBUG_INFO = NO;
				MTL_FAST_MATH = YES;
				SDKROOT = iphoneos;
				SWIFT_COMPILATION_MODE = wholemodule;
				SWIFT_OPTIMIZATION_LEVEL = "-O";
				VALIDATE_PRODUCT = YES;
			};
			name = Release;
		};
		808603D9296A57470012B0FB /* Debug */ = {
			isa = XCBuildConfiguration;
			buildSettings = {
				ASSETCATALOG_COMPILER_APPICON_NAME = AppIcon;
				ASSETCATALOG_COMPILER_GLOBAL_ACCENT_COLOR_NAME = AccentColor;
				CODE_SIGN_STYLE = Automatic;
				CURRENT_PROJECT_VERSION = 1;
				DEVELOPMENT_ASSET_PATHS = "\"BLEDevicesScanner/Preview Content\"";
				DEVELOPMENT_TEAM = SMMK785DH3;
				ENABLE_PREVIEWS = YES;
				GENERATE_INFOPLIST_FILE = YES;
				INFOPLIST_FILE = BLEDevicesScanner/Info.plist;
				INFOPLIST_KEY_NSBluetoothAlwaysUsageDescription = "scan devices";
				INFOPLIST_KEY_UIApplicationSceneManifest_Generation = YES;
				INFOPLIST_KEY_UIApplicationSupportsIndirectInputEvents = YES;
				INFOPLIST_KEY_UILaunchScreen_Generation = YES;
				INFOPLIST_KEY_UISupportedInterfaceOrientations_iPad = "UIInterfaceOrientationPortrait UIInterfaceOrientationPortraitUpsideDown UIInterfaceOrientationLandscapeLeft UIInterfaceOrientationLandscapeRight";
				INFOPLIST_KEY_UISupportedInterfaceOrientations_iPhone = "UIInterfaceOrientationPortrait UIInterfaceOrientationLandscapeLeft UIInterfaceOrientationLandscapeRight";
				LD_RUNPATH_SEARCH_PATHS = (
					"$(inherited)",
					"@executable_path/Frameworks",
				);
				MARKETING_VERSION = 1.0;
				PRODUCT_BUNDLE_IDENTIFIER = com.omikhail.BLEDevicesScanner;
				PRODUCT_NAME = "$(TARGET_NAME)";
				SWIFT_EMIT_LOC_STRINGS = YES;
				SWIFT_VERSION = 5.0;
				TARGETED_DEVICE_FAMILY = "1,2";
			};
			name = Debug;
		};
		808603DA296A57470012B0FB /* Release */ = {
			isa = XCBuildConfiguration;
			buildSettings = {
				ASSETCATALOG_COMPILER_APPICON_NAME = AppIcon;
				ASSETCATALOG_COMPILER_GLOBAL_ACCENT_COLOR_NAME = AccentColor;
				CODE_SIGN_STYLE = Automatic;
				CURRENT_PROJECT_VERSION = 1;
				DEVELOPMENT_ASSET_PATHS = "\"BLEDevicesScanner/Preview Content\"";
				DEVELOPMENT_TEAM = SMMK785DH3;
				ENABLE_PREVIEWS = YES;
				GENERATE_INFOPLIST_FILE = YES;
				INFOPLIST_FILE = BLEDevicesScanner/Info.plist;
				INFOPLIST_KEY_NSBluetoothAlwaysUsageDescription = "scan devices";
				INFOPLIST_KEY_UIApplicationSceneManifest_Generation = YES;
				INFOPLIST_KEY_UIApplicationSupportsIndirectInputEvents = YES;
				INFOPLIST_KEY_UILaunchScreen_Generation = YES;
				INFOPLIST_KEY_UISupportedInterfaceOrientations_iPad = "UIInterfaceOrientationPortrait UIInterfaceOrientationPortraitUpsideDown UIInterfaceOrientationLandscapeLeft UIInterfaceOrientationLandscapeRight";
				INFOPLIST_KEY_UISupportedInterfaceOrientations_iPhone = "UIInterfaceOrientationPortrait UIInterfaceOrientationLandscapeLeft UIInterfaceOrientationLandscapeRight";
				LD_RUNPATH_SEARCH_PATHS = (
					"$(inherited)",
					"@executable_path/Frameworks",
				);
				MARKETING_VERSION = 1.0;
				PRODUCT_BUNDLE_IDENTIFIER = com.omikhail.BLEDevicesScanner;
				PRODUCT_NAME = "$(TARGET_NAME)";
				SWIFT_EMIT_LOC_STRINGS = YES;
				SWIFT_VERSION = 5.0;
				TARGETED_DEVICE_FAMILY = "1,2";
			};
			name = Release;
		};
		808603DC296A57470012B0FB /* Debug */ = {
			isa = XCBuildConfiguration;
			buildSettings = {
				ALWAYS_EMBED_SWIFT_STANDARD_LIBRARIES = YES;
				BUNDLE_LOADER = "$(TEST_HOST)";
				CODE_SIGN_STYLE = Automatic;
				CURRENT_PROJECT_VERSION = 1;
				DEVELOPMENT_TEAM = SMMK785DH3;
				GENERATE_INFOPLIST_FILE = YES;
				IPHONEOS_DEPLOYMENT_TARGET = 16.2;
				MARKETING_VERSION = 1.0;
				PRODUCT_BUNDLE_IDENTIFIER = com.omikhail.BLEDevicesScannerTests;
				PRODUCT_NAME = "$(TARGET_NAME)";
				SWIFT_EMIT_LOC_STRINGS = NO;
				SWIFT_VERSION = 5.0;
				TARGETED_DEVICE_FAMILY = "1,2";
				TEST_HOST = "$(BUILT_PRODUCTS_DIR)/BLEDevicesScanner.app/$(BUNDLE_EXECUTABLE_FOLDER_PATH)/BLEDevicesScanner";
			};
			name = Debug;
		};
		808603DD296A57470012B0FB /* Release */ = {
			isa = XCBuildConfiguration;
			buildSettings = {
				ALWAYS_EMBED_SWIFT_STANDARD_LIBRARIES = YES;
				BUNDLE_LOADER = "$(TEST_HOST)";
				CODE_SIGN_STYLE = Automatic;
				CURRENT_PROJECT_VERSION = 1;
				DEVELOPMENT_TEAM = SMMK785DH3;
				GENERATE_INFOPLIST_FILE = YES;
				IPHONEOS_DEPLOYMENT_TARGET = 16.2;
				MARKETING_VERSION = 1.0;
				PRODUCT_BUNDLE_IDENTIFIER = com.omikhail.BLEDevicesScannerTests;
				PRODUCT_NAME = "$(TARGET_NAME)";
				SWIFT_EMIT_LOC_STRINGS = NO;
				SWIFT_VERSION = 5.0;
				TARGETED_DEVICE_FAMILY = "1,2";
				TEST_HOST = "$(BUILT_PRODUCTS_DIR)/BLEDevicesScanner.app/$(BUNDLE_EXECUTABLE_FOLDER_PATH)/BLEDevicesScanner";
			};
			name = Release;
		};
		808603DF296A57470012B0FB /* Debug */ = {
			isa = XCBuildConfiguration;
			buildSettings = {
				ALWAYS_EMBED_SWIFT_STANDARD_LIBRARIES = YES;
				CODE_SIGN_STYLE = Automatic;
				CURRENT_PROJECT_VERSION = 1;
				DEVELOPMENT_TEAM = SMMK785DH3;
				GENERATE_INFOPLIST_FILE = YES;
				MARKETING_VERSION = 1.0;
				PRODUCT_BUNDLE_IDENTIFIER = com.omikhail.BLEDevicesScannerUITests;
				PRODUCT_NAME = "$(TARGET_NAME)";
				SWIFT_EMIT_LOC_STRINGS = NO;
				SWIFT_VERSION = 5.0;
				TARGETED_DEVICE_FAMILY = "1,2";
				TEST_TARGET_NAME = BLEDevicesScanner;
			};
			name = Debug;
		};
		808603E0296A57470012B0FB /* Release */ = {
			isa = XCBuildConfiguration;
			buildSettings = {
				ALWAYS_EMBED_SWIFT_STANDARD_LIBRARIES = YES;
				CODE_SIGN_STYLE = Automatic;
				CURRENT_PROJECT_VERSION = 1;
				DEVELOPMENT_TEAM = SMMK785DH3;
				GENERATE_INFOPLIST_FILE = YES;
				MARKETING_VERSION = 1.0;
				PRODUCT_BUNDLE_IDENTIFIER = com.omikhail.BLEDevicesScannerUITests;
				PRODUCT_NAME = "$(TARGET_NAME)";
				SWIFT_EMIT_LOC_STRINGS = NO;
				SWIFT_VERSION = 5.0;
				TARGETED_DEVICE_FAMILY = "1,2";
				TEST_TARGET_NAME = BLEDevicesScanner;
			};
			name = Release;
		};
/* End XCBuildConfiguration section */

/* Begin XCConfigurationList section */
		808603AF296A57460012B0FB /* Build configuration list for PBXProject "BLEDevicesScanner" */ = {
			isa = XCConfigurationList;
			buildConfigurations = (
				808603D6296A57470012B0FB /* Debug */,
				808603D7296A57470012B0FB /* Release */,
			);
			defaultConfigurationIsVisible = 0;
			defaultConfigurationName = Release;
		};
		808603D8296A57470012B0FB /* Build configuration list for PBXNativeTarget "BLEDevicesScanner" */ = {
			isa = XCConfigurationList;
			buildConfigurations = (
				808603D9296A57470012B0FB /* Debug */,
				808603DA296A57470012B0FB /* Release */,
			);
			defaultConfigurationIsVisible = 0;
			defaultConfigurationName = Release;
		};
		808603DB296A57470012B0FB /* Build configuration list for PBXNativeTarget "BLEDevicesScannerTests" */ = {
			isa = XCConfigurationList;
			buildConfigurations = (
				808603DC296A57470012B0FB /* Debug */,
				808603DD296A57470012B0FB /* Release */,
			);
			defaultConfigurationIsVisible = 0;
			defaultConfigurationName = Release;
		};
		808603DE296A57470012B0FB /* Build configuration list for PBXNativeTarget "BLEDevicesScannerUITests" */ = {
			isa = XCConfigurationList;
			buildConfigurations = (
				808603DF296A57470012B0FB /* Debug */,
				808603E0296A57470012B0FB /* Release */,
			);
			defaultConfigurationIsVisible = 0;
			defaultConfigurationName = Release;
		};
/* End XCConfigurationList section */
	};
	rootObject = 808603AC296A57460012B0FB /* Project object */;
}
